
Microsoft Visual Studio Solution File, Format Version 12.00
# Visual Studio Version 16
VisualStudioVersion = 16.0.30907.101
MinimumVisualStudioVersion = 10.0.40219.1
Project("{FAE04EC0-301F-11D3-BF4B-00C04F79EFBC}") = "PictureViewer", "PictureViewer\PictureViewer.csproj", "{F7BF7050-816C-443F-AD10-4D334070A6AB}"
EndProject
Global
	GlobalSection(SolutionConfigurationPlatforms) = preSolution
		Debug|Any CPU = Debug|Any CPU
		Release|Any CPU = Release|Any CPU
	EndGlobalSection
	GlobalSection(ProjectConfigurationPlatforms) = postSolution
		{F7BF7050-816C-443F-AD10-4D334070A6AB}.Debug|Any CPU.ActiveCfg = Debug|Any CPU
		{F7BF7050-816C-443F-AD10-4D334070A6AB}.Debug|Any CPU.Build.0 = Debug|Any CPU
		{F7BF7050-816C-443F-AD10-4D334070A6AB}.Release|Any CPU.ActiveCfg = Release|Any CPU
		{F7BF7050-816C-443F-AD10-4D334070A6AB}.Release|Any CPU.Build.0 = Release|Any CPU
	EndGlobalSection
	GlobalSection(SolutionProperties) = preSolution
		HideSolutionNode = FALSE
	EndGlobalSection
	GlobalSection(ExtensibilityGlobals) = postSolution
		SolutionGuid = {BA94437B-FA12-4A1C-ABE3-E7DC682DD00C}
	EndGlobalSection
EndGlobal
